// !$*UTF8*$!
{
	archiveVersion = 1;
	classes = {
	};
	objectVersion = 46;
	objects = {

/* Begin PBXBuildFile section */
		934BDEA6193B74F9009F2260 /* Cocoa.framework in Frameworks */ = {isa = PBXBuildFile; fileRef = 934BDEA5193B74F9009F2260 /* Cocoa.framework */; };
		934BDEB0193B74F9009F2260 /* InfoPlist.strings in Resources */ = {isa = PBXBuildFile; fileRef = 934BDEAE193B74F9009F2260 /* InfoPlist.strings */; };
		934BDEB2193B74F9009F2260 /* main.m in Sources */ = {isa = PBXBuildFile; fileRef = 934BDEB1193B74F9009F2260 /* main.m */; };
		934BDEB6193B74F9009F2260 /* Credits.rtf in Resources */ = {isa = PBXBuildFile; fileRef = 934BDEB4193B74F9009F2260 /* Credits.rtf */; };
		934BDEB9193B74F9009F2260 /* AppDelegate.m in Sources */ = {isa = PBXBuildFile; fileRef = 934BDEB8193B74F9009F2260 /* AppDelegate.m */; };
		934BDEBC193B74F9009F2260 /* MainMenu.xib in Resources */ = {isa = PBXBuildFile; fileRef = 934BDEBA193B74F9009F2260 /* MainMenu.xib */; };
		934BDEBE193B74F9009F2260 /* Images.xcassets in Resources */ = {isa = PBXBuildFile; fileRef = 934BDEBD193B74F9009F2260 /* Images.xcassets */; };
		934BDEC5193B74FA009F2260 /* XCTest.framework in Frameworks */ = {isa = PBXBuildFile; fileRef = 934BDEC4193B74FA009F2260 /* XCTest.framework */; };
		934BDEC6193B74FA009F2260 /* Cocoa.framework in Frameworks */ = {isa = PBXBuildFile; fileRef = 934BDEA5193B74F9009F2260 /* Cocoa.framework */; };
		934BDECE193B74FA009F2260 /* InfoPlist.strings in Resources */ = {isa = PBXBuildFile; fileRef = 934BDECC193B74FA009F2260 /* InfoPlist.strings */; };
		934BDED0193B74FA009F2260 /* Sass_WatcherTests.m in Sources */ = {isa = PBXBuildFile; fileRef = 934BDECF193B74FA009F2260 /* Sass_WatcherTests.m */; };
/* End PBXBuildFile section */

/* Begin PBXContainerItemProxy section */
		934BDEC7193B74FA009F2260 /* PBXContainerItemProxy */ = {
			isa = PBXContainerItemProxy;
			containerPortal = 934BDE9A193B74F9009F2260 /* Project object */;
			proxyType = 1;
			remoteGlobalIDString = 934BDEA1193B74F9009F2260;
			remoteInfo = "Sass Watcher";
		};
/* End PBXContainerItemProxy section */

/* Begin PBXFileReference section */
		934BDEA2193B74F9009F2260 /* Sass Watcher.app */ = {isa = PBXFileReference; explicitFileType = wrapper.application; includeInIndex = 0; path = "Sass Watcher.app"; sourceTree = BUILT_PRODUCTS_DIR; };
		934BDEA5193B74F9009F2260 /* Cocoa.framework */ = {isa = PBXFileReference; lastKnownFileType = wrapper.framework; name = Cocoa.framework; path = System/Library/Frameworks/Cocoa.framework; sourceTree = SDKROOT; };
		934BDEA8193B74F9009F2260 /* AppKit.framework */ = {isa = PBXFileReference; lastKnownFileType = wrapper.framework; name = AppKit.framework; path = System/Library/Frameworks/AppKit.framework; sourceTree = SDKROOT; };
		934BDEA9193B74F9009F2260 /* CoreData.framework */ = {isa = PBXFileReference; lastKnownFileType = wrapper.framework; name = CoreData.framework; path = System/Library/Frameworks/CoreData.framework; sourceTree = SDKROOT; };
		934BDEAA193B74F9009F2260 /* Foundation.framework */ = {isa = PBXFileReference; lastKnownFileType = wrapper.framework; name = Foundation.framework; path = System/Library/Frameworks/Foundation.framework; sourceTree = SDKROOT; };
		934BDEAD193B74F9009F2260 /* Sass Watcher-Info.plist */ = {isa = PBXFileReference; lastKnownFileType = text.plist.xml; path = "Sass Watcher-Info.plist"; sourceTree = "<group>"; };
		934BDEAF193B74F9009F2260 /* en */ = {isa = PBXFileReference; lastKnownFileType = text.plist.strings; name = en; path = en.lproj/InfoPlist.strings; sourceTree = "<group>"; };
		934BDEB1193B74F9009F2260 /* main.m */ = {isa = PBXFileReference; lastKnownFileType = sourcecode.c.objc; path = main.m; sourceTree = "<group>"; };
		934BDEB3193B74F9009F2260 /* Sass Watcher-Prefix.pch */ = {isa = PBXFileReference; lastKnownFileType = sourcecode.c.h; path = "Sass Watcher-Prefix.pch"; sourceTree = "<group>"; };
		934BDEB5193B74F9009F2260 /* en */ = {isa = PBXFileReference; lastKnownFileType = text.rtf; name = en; path = en.lproj/Credits.rtf; sourceTree = "<group>"; };
		934BDEB7193B74F9009F2260 /* AppDelegate.h */ = {isa = PBXFileReference; lastKnownFileType = sourcecode.c.h; path = AppDelegate.h; sourceTree = "<group>"; };
		934BDEB8193B74F9009F2260 /* AppDelegate.m */ = {isa = PBXFileReference; lastKnownFileType = sourcecode.c.objc; path = AppDelegate.m; sourceTree = "<group>"; };
		934BDEBB193B74F9009F2260 /* Base */ = {isa = PBXFileReference; lastKnownFileType = file.xib; name = Base; path = Base.lproj/MainMenu.xib; sourceTree = "<group>"; };
		934BDEBD193B74F9009F2260 /* Images.xcassets */ = {isa = PBXFileReference; lastKnownFileType = folder.assetcatalog; path = Images.xcassets; sourceTree = "<group>"; };
		934BDEC3193B74FA009F2260 /* Sass WatcherTests.xctest */ = {isa = PBXFileReference; explicitFileType = wrapper.cfbundle; includeInIndex = 0; path = "Sass WatcherTests.xctest"; sourceTree = BUILT_PRODUCTS_DIR; };
		934BDEC4193B74FA009F2260 /* XCTest.framework */ = {isa = PBXFileReference; lastKnownFileType = wrapper.framework; name = XCTest.framework; path = Library/Frameworks/XCTest.framework; sourceTree = DEVELOPER_DIR; };
		934BDECB193B74FA009F2260 /* Sass WatcherTests-Info.plist */ = {isa = PBXFileReference; lastKnownFileType = text.plist.xml; path = "Sass WatcherTests-Info.plist"; sourceTree = "<group>"; };
		934BDECD193B74FA009F2260 /* en */ = {isa = PBXFileReference; lastKnownFileType = text.plist.strings; name = en; path = en.lproj/InfoPlist.strings; sourceTree = "<group>"; };
		934BDECF193B74FA009F2260 /* Sass_WatcherTests.m */ = {isa = PBXFileReference; lastKnownFileType = sourcecode.c.objc; path = Sass_WatcherTests.m; sourceTree = "<group>"; };
/* End PBXFileReference section */

/* Begin PBXFrameworksBuildPhase section */
		934BDE9F193B74F9009F2260 /* Frameworks */ = {
			isa = PBXFrameworksBuildPhase;
			buildActionMask = 2147483647;
			files = (
				934BDEA6193B74F9009F2260 /* Cocoa.framework in Frameworks */,
			);
			runOnlyForDeploymentPostprocessing = 0;
		};
		934BDEC0193B74FA009F2260 /* Frameworks */ = {
			isa = PBXFrameworksBuildPhase;
			buildActionMask = 2147483647;
			files = (
				934BDEC6193B74FA009F2260 /* Cocoa.framework in Frameworks */,
				934BDEC5193B74FA009F2260 /* XCTest.framework in Frameworks */,
			);
			runOnlyForDeploymentPostprocessing = 0;
		};
/* End PBXFrameworksBuildPhase section */

/* Begin PBXGroup section */
		934BDE99193B74F9009F2260 = {
			isa = PBXGroup;
			children = (
				934BDEAB193B74F9009F2260 /* Sass Watcher */,
				934BDEC9193B74FA009F2260 /* Sass WatcherTests */,
				934BDEA4193B74F9009F2260 /* Frameworks */,
				934BDEA3193B74F9009F2260 /* Products */,
			);
			sourceTree = "<group>";
		};
		934BDEA3193B74F9009F2260 /* Products */ = {
			isa = PBXGroup;
			children = (
				934BDEA2193B74F9009F2260 /* Sass Watcher.app */,
				934BDEC3193B74FA009F2260 /* Sass WatcherTests.xctest */,
			);
			name = Products;
			sourceTree = "<group>";
		};
		934BDEA4193B74F9009F2260 /* Frameworks */ = {
			isa = PBXGroup;
			children = (
				934BDEA5193B74F9009F2260 /* Cocoa.framework */,
				934BDEC4193B74FA009F2260 /* XCTest.framework */,
				934BDEA7193B74F9009F2260 /* Other Frameworks */,
			);
			name = Frameworks;
			sourceTree = "<group>";
		};
		934BDEA7193B74F9009F2260 /* Other Frameworks */ = {
			isa = PBXGroup;
			children = (
				934BDEA8193B74F9009F2260 /* AppKit.framework */,
				934BDEA9193B74F9009F2260 /* CoreData.framework */,
				934BDEAA193B74F9009F2260 /* Foundation.framework */,
			);
			name = "Other Frameworks";
			sourceTree = "<group>";
		};
		934BDEAB193B74F9009F2260 /* Sass Watcher */ = {
			isa = PBXGroup;
			children = (
				934BDEB7193B74F9009F2260 /* AppDelegate.h */,
				934BDEB8193B74F9009F2260 /* AppDelegate.m */,
				934BDEBA193B74F9009F2260 /* MainMenu.xib */,
				934BDEBD193B74F9009F2260 /* Images.xcassets */,
				934BDEAC193B74F9009F2260 /* Supporting Files */,
			);
			path = "Sass Watcher";
			sourceTree = "<group>";
		};
		934BDEAC193B74F9009F2260 /* Supporting Files */ = {
			isa = PBXGroup;
			children = (
				934BDEAD193B74F9009F2260 /* Sass Watcher-Info.plist */,
				934BDEAE193B74F9009F2260 /* InfoPlist.strings */,
				934BDEB1193B74F9009F2260 /* main.m */,
				934BDEB3193B74F9009F2260 /* Sass Watcher-Prefix.pch */,
				934BDEB4193B74F9009F2260 /* Credits.rtf */,
			);
			name = "Supporting Files";
			sourceTree = "<group>";
		};
		934BDEC9193B74FA009F2260 /* Sass WatcherTests */ = {
			isa = PBXGroup;
			children = (
				934BDECF193B74FA009F2260 /* Sass_WatcherTests.m */,
				934BDECA193B74FA009F2260 /* Supporting Files */,
			);
			path = "Sass WatcherTests";
			sourceTree = "<group>";
		};
		934BDECA193B74FA009F2260 /* Supporting Files */ = {
			isa = PBXGroup;
			children = (
				934BDECB193B74FA009F2260 /* Sass WatcherTests-Info.plist */,
				934BDECC193B74FA009F2260 /* InfoPlist.strings */,
			);
			name = "Supporting Files";
			sourceTree = "<group>";
		};
/* End PBXGroup section */

/* Begin PBXNativeTarget section */
		934BDEA1193B74F9009F2260 /* Sass Watcher */ = {
			isa = PBXNativeTarget;
			buildConfigurationList = 934BDED3193B74FA009F2260 /* Build configuration list for PBXNativeTarget "Sass Watcher" */;
			buildPhases = (
				934BDE9E193B74F9009F2260 /* Sources */,
				934BDE9F193B74F9009F2260 /* Frameworks */,
				934BDEA0193B74F9009F2260 /* Resources */,
			);
			buildRules = (
			);
			dependencies = (
			);
			name = "Sass Watcher";
			productName = "Sass Watcher";
			productReference = 934BDEA2193B74F9009F2260 /* Sass Watcher.app */;
			productType = "com.apple.product-type.application";
		};
		934BDEC2193B74FA009F2260 /* Sass WatcherTests */ = {
			isa = PBXNativeTarget;
			buildConfigurationList = 934BDED6193B74FA009F2260 /* Build configuration list for PBXNativeTarget "Sass WatcherTests" */;
			buildPhases = (
				934BDEBF193B74FA009F2260 /* Sources */,
				934BDEC0193B74FA009F2260 /* Frameworks */,
				934BDEC1193B74FA009F2260 /* Resources */,
			);
			buildRules = (
			);
			dependencies = (
				934BDEC8193B74FA009F2260 /* PBXTargetDependency */,
			);
			name = "Sass WatcherTests";
			productName = "Sass WatcherTests";
			productReference = 934BDEC3193B74FA009F2260 /* Sass WatcherTests.xctest */;
			productType = "com.apple.product-type.bundle.unit-test";
		};
/* End PBXNativeTarget section */

/* Begin PBXProject section */
		934BDE9A193B74F9009F2260 /* Project object */ = {
			isa = PBXProject;
			attributes = {
				LastUpgradeCheck = 0510;
				ORGANIZATIONNAME = "Alex Seifert";
				TargetAttributes = {
					934BDEC2193B74FA009F2260 = {
						TestTargetID = 934BDEA1193B74F9009F2260;
					};
				};
			};
			buildConfigurationList = 934BDE9D193B74F9009F2260 /* Build configuration list for PBXProject "Sass Watcher" */;
			compatibilityVersion = "Xcode 3.2";
			developmentRegion = English;
			hasScannedForEncodings = 0;
			knownRegions = (
				en,
				Base,
			);
			mainGroup = 934BDE99193B74F9009F2260;
			productRefGroup = 934BDEA3193B74F9009F2260 /* Products */;
			projectDirPath = "";
			projectRoot = "";
			targets = (
				934BDEA1193B74F9009F2260 /* Sass Watcher */,
				934BDEC2193B74FA009F2260 /* Sass WatcherTests */,
			);
		};
/* End PBXProject section */

/* Begin PBXResourcesBuildPhase section */
		934BDEA0193B74F9009F2260 /* Resources */ = {
			isa = PBXResourcesBuildPhase;
			buildActionMask = 2147483647;
			files = (
				934BDEB0193B74F9009F2260 /* InfoPlist.strings in Resources */,
				934BDEBE193B74F9009F2260 /* Images.xcassets in Resources */,
				934BDEB6193B74F9009F2260 /* Credits.rtf in Resources */,
				934BDEBC193B74F9009F2260 /* MainMenu.xib in Resources */,
			);
			runOnlyForDeploymentPostprocessing = 0;
		};
		934BDEC1193B74FA009F2260 /* Resources */ = {
			isa = PBXResourcesBuildPhase;
			buildActionMask = 2147483647;
			files = (
				934BDECE193B74FA009F2260 /* InfoPlist.strings in Resources */,
			);
			runOnlyForDeploymentPostprocessing = 0;
		};
/* End PBXResourcesBuildPhase section */

/* Begin PBXSourcesBuildPhase section */
		934BDE9E193B74F9009F2260 /* Sources */ = {
			isa = PBXSourcesBuildPhase;
			buildActionMask = 2147483647;
			files = (
				934BDEB9193B74F9009F2260 /* AppDelegate.m in Sources */,
				934BDEB2193B74F9009F2260 /* main.m in Sources */,
			);
			runOnlyForDeploymentPostprocessing = 0;
		};
		934BDEBF193B74FA009F2260 /* Sources */ = {
			isa = PBXSourcesBuildPhase;
			buildActionMask = 2147483647;
			files = (
				934BDED0193B74FA009F2260 /* Sass_WatcherTests.m in Sources */,
			);
			runOnlyForDeploymentPostprocessing = 0;
		};
/* End PBXSourcesBuildPhase section */

/* Begin PBXTargetDependency section */
		934BDEC8193B74FA009F2260 /* PBXTargetDependency */ = {
			isa = PBXTargetDependency;
			target = 934BDEA1193B74F9009F2260 /* Sass Watcher */;
			targetProxy = 934BDEC7193B74FA009F2260 /* PBXContainerItemProxy */;
		};
/* End PBXTargetDependency section */

/* Begin PBXVariantGroup section */
		934BDEAE193B74F9009F2260 /* InfoPlist.strings */ = {
			isa = PBXVariantGroup;
			children = (
				934BDEAF193B74F9009F2260 /* en */,
			);
			name = InfoPlist.strings;
			sourceTree = "<group>";
		};
		934BDEB4193B74F9009F2260 /* Credits.rtf */ = {
			isa = PBXVariantGroup;
			children = (
				934BDEB5193B74F9009F2260 /* en */,
			);
			name = Credits.rtf;
			sourceTree = "<group>";
		};
		934BDEBA193B74F9009F2260 /* MainMenu.xib */ = {
			isa = PBXVariantGroup;
			children = (
				934BDEBB193B74F9009F2260 /* Base */,
			);
			name = MainMenu.xib;
			sourceTree = "<group>";
		};
		934BDECC193B74FA009F2260 /* InfoPlist.strings */ = {
			isa = PBXVariantGroup;
			children = (
				934BDECD193B74FA009F2260 /* en */,
			);
			name = InfoPlist.strings;
			sourceTree = "<group>";
		};
/* End PBXVariantGroup section */

/* Begin XCBuildConfiguration section */
		934BDED1193B74FA009F2260 /* Debug */ = {
			isa = XCBuildConfiguration;
			buildSettings = {
				ALWAYS_SEARCH_USER_PATHS = NO;
				CLANG_CXX_LANGUAGE_STANDARD = "gnu++0x";
				CLANG_CXX_LIBRARY = "libc++";
				CLANG_ENABLE_MODULES = YES;
				CLANG_ENABLE_OBJC_ARC = YES;
				CLANG_WARN_BOOL_CONVERSION = YES;
				CLANG_WARN_CONSTANT_CONVERSION = YES;
				CLANG_WARN_DIRECT_OBJC_ISA_USAGE = YES_ERROR;
				CLANG_WARN_EMPTY_BODY = YES;
				CLANG_WARN_ENUM_CONVERSION = YES;
				CLANG_WARN_INT_CONVERSION = YES;
				CLANG_WARN_OBJC_ROOT_CLASS = YES_ERROR;
				CLANG_WARN__DUPLICATE_METHOD_MATCH = YES;
				COPY_PHASE_STRIP = NO;
				GCC_C_LANGUAGE_STANDARD = gnu99;
				GCC_DYNAMIC_NO_PIC = NO;
				GCC_ENABLE_OBJC_EXCEPTIONS = YES;
				GCC_OPTIMIZATION_LEVEL = 0;
				GCC_PREPROCESSOR_DEFINITIONS = (
					"DEBUG=1",
					"$(inherited)",
				);
				GCC_SYMBOLS_PRIVATE_EXTERN = NO;
				GCC_WARN_64_TO_32_BIT_CONVERSION = YES;
				GCC_WARN_ABOUT_RETURN_TYPE = YES_ERROR;
				GCC_WARN_UNDECLARED_SELECTOR = YES;
				GCC_WARN_UNINITIALIZED_AUTOS = YES_AGGRESSIVE;
				GCC_WARN_UNUSED_FUNCTION = YES;
				GCC_WARN_UNUSED_VARIABLE = YES;
				MACOSX_DEPLOYMENT_TARGET = 10.9;
				ONLY_ACTIVE_ARCH = YES;
				SDKROOT = macosx;
			};
			name = Debug;
		};
		934BDED2193B74FA009F2260 /* Release */ = {
			isa = XCBuildConfiguration;
			buildSettings = {
				ALWAYS_SEARCH_USER_PATHS = NO;
				CLANG_CXX_LANGUAGE_STANDARD = "gnu++0x";
				CLANG_CXX_LIBRARY = "libc++";
				CLANG_ENABLE_MODULES = YES;
				CLANG_ENABLE_OBJC_ARC = YES;
				CLANG_WARN_BOOL_CONVERSION = YES;
				CLANG_WARN_CONSTANT_CONVERSION = YES;
				CLANG_WARN_DIRECT_OBJC_ISA_USAGE = YES_ERROR;
				CLANG_WARN_EMPTY_BODY = YES;
				CLANG_WARN_ENUM_CONVERSION = YES;
				CLANG_WARN_INT_CONVERSION = YES;
				CLANG_WARN_OBJC_ROOT_CLASS = YES_ERROR;
				CLANG_WARN__DUPLICATE_METHOD_MATCH = YES;
				COPY_PHASE_STRIP = YES;
				DEBUG_INFORMATION_FORMAT = "dwarf-with-dsym";
				ENABLE_NS_ASSERTIONS = NO;
				GCC_C_LANGUAGE_STANDARD = gnu99;
				GCC_ENABLE_OBJC_EXCEPTIONS = YES;
				GCC_WARN_64_TO_32_BIT_CONVERSION = YES;
				GCC_WARN_ABOUT_RETURN_TYPE = YES_ERROR;
				GCC_WARN_UNDECLARED_SELECTOR = YES;
				GCC_WARN_UNINITIALIZED_AUTOS = YES_AGGRESSIVE;
				GCC_WARN_UNUSED_FUNCTION = YES;
				GCC_WARN_UNUSED_VARIABLE = YES;
				MACOSX_DEPLOYMENT_TARGET = 10.9;
				SDKROOT = macosx;
			};
			name = Release;
		};
		934BDED4193B74FA009F2260 /* Debug */ = {
			isa = XCBuildConfiguration;
			buildSettings = {
				ASSETCATALOG_COMPILER_APPICON_NAME = AppIcon;
				COMBINE_HIDPI_IMAGES = YES;
				GCC_PRECOMPILE_PREFIX_HEADER = YES;
				GCC_PREFIX_HEADER = "Sass Watcher/Sass Watcher-Prefix.pch";
				INFOPLIST_FILE = "Sass Watcher/Sass Watcher-Info.plist";
				PRODUCT_NAME = "$(TARGET_NAME)";
				WRAPPER_EXTENSION = app;
			};
			name = Debug;
		};
		934BDED5193B74FA009F2260 /* Release */ = {
			isa = XCBuildConfiguration;
			buildSettings = {
				ASSETCATALOG_COMPILER_APPICON_NAME = AppIcon;
				COMBINE_HIDPI_IMAGES = YES;
				GCC_PRECOMPILE_PREFIX_HEADER = YES;
				GCC_PREFIX_HEADER = "Sass Watcher/Sass Watcher-Prefix.pch";
				INFOPLIST_FILE = "Sass Watcher/Sass Watcher-Info.plist";
				PRODUCT_NAME = "$(TARGET_NAME)";
				WRAPPER_EXTENSION = app;
			};
			name = Release;
		};
		934BDED7193B74FA009F2260 /* Debug */ = {
			isa = XCBuildConfiguration;
			buildSettings = {
				BUNDLE_LOADER = "$(BUILT_PRODUCTS_DIR)/Sass Watcher.app/Contents/MacOS/Sass Watcher";
				COMBINE_HIDPI_IMAGES = YES;
				FRAMEWORK_SEARCH_PATHS = (
					"$(DEVELOPER_FRAMEWORKS_DIR)",
					"$(inherited)",
				);
				GCC_PRECOMPILE_PREFIX_HEADER = YES;
				GCC_PREFIX_HEADER = "Sass Watcher/Sass Watcher-Prefix.pch";
				GCC_PREPROCESSOR_DEFINITIONS = (
					"DEBUG=1",
					"$(inherited)",
				);
				INFOPLIST_FILE = "Sass WatcherTests/Sass WatcherTests-Info.plist";
				PRODUCT_NAME = "$(TARGET_NAME)";
				TEST_HOST = "$(BUNDLE_LOADER)";
				WRAPPER_EXTENSION = xctest;
			};
			name = Debug;
		};
		934BDED8193B74FA009F2260 /* Release */ = {
			isa = XCBuildConfiguration;
			buildSettings = {
				BUNDLE_LOADER = "$(BUILT_PRODUCTS_DIR)/Sass Watcher.app/Contents/MacOS/Sass Watcher";
				COMBINE_HIDPI_IMAGES = YES;
				FRAMEWORK_SEARCH_PATHS = (
					"$(DEVELOPER_FRAMEWORKS_DIR)",
					"$(inherited)",
				);
				GCC_PRECOMPILE_PREFIX_HEADER = YES;
				GCC_PREFIX_HEADER = "Sass Watcher/Sass Watcher-Prefix.pch";
				INFOPLIST_FILE = "Sass WatcherTests/Sass WatcherTests-Info.plist";
				PRODUCT_NAME = "$(TARGET_NAME)";
				TEST_HOST = "$(BUNDLE_LOADER)";
				WRAPPER_EXTENSION = xctest;
			};
			name = Release;
		};
/* End XCBuildConfiguration section */

/* Begin XCConfigurationList section */
		934BDE9D193B74F9009F2260 /* Build configuration list for PBXProject "Sass Watcher" */ = {
			isa = XCConfigurationList;
			buildConfigurations = (
				934BDED1193B74FA009F2260 /* Debug */,
				934BDED2193B74FA009F2260 /* Release */,
			);
			defaultConfigurationIsVisible = 0;
			defaultConfigurationName = Release;
		};
		934BDED3193B74FA009F2260 /* Build configuration list for PBXNativeTarget "Sass Watcher" */ = {
			isa = XCConfigurationList;
			buildConfigurations = (
				934BDED4193B74FA009F2260 /* Debug */,
				934BDED5193B74FA009F2260 /* Release */,
			);
			defaultConfigurationIsVisible = 0;
		};
		934BDED6193B74FA009F2260 /* Build configuration list for PBXNativeTarget "Sass WatcherTests" */ = {
			isa = XCConfigurationList;
			buildConfigurations = (
				934BDED7193B74FA009F2260 /* Debug */,
				934BDED8193B74FA009F2260 /* Release */,
			);
			defaultConfigurationIsVisible = 0;
		};
/* End XCConfigurationList section */
	};
	rootObject = 934BDE9A193B74F9009F2260 /* Project object */;
}
